
Microsoft Visual Studio Solution File, Format Version 12.00
# Visual Studio Version 17
VisualStudioVersion = 17.7.34009.444
MinimumVisualStudioVersion = 10.0.40219.1
Project("{2150E333-8FDC-42A3-9474-1A3956D46DE8}") = "Core", "Core", "{DB425D8A-E907-4B6D-9C60-8E77070EC2E1}"
EndProject
Project("{2150E333-8FDC-42A3-9474-1A3956D46DE8}") = "Infrastructure", "Infrastructure", "{C79E6BE1-2561-45C9-955A-00879E0DF9EB}"
EndProject
Project("{2150E333-8FDC-42A3-9474-1A3956D46DE8}") = "Presentation", "Presentation", "{A062C1AD-5F72-4809-902F-1C8B1AF32D80}"
EndProject
Project("{FAE04EC0-301F-11D3-BF4B-00C04F79EFBC}") = "Onion.Application", "Core\Onion.Application\Onion.Application.csproj", "{3C771AAD-F758-426F-93F1-4AB4FB549C45}"
EndProject
Project("{FAE04EC0-301F-11D3-BF4B-00C04F79EFBC}") = "Onion.Domain", "Core\Onion.Domain\Onion.Domain.csproj", "{0DBB3D38-BC97-4CE1-ABD1-320F7F09220D}"
EndProject
Project("{FAE04EC0-301F-11D3-BF4B-00C04F79EFBC}") = "Onion.Infrastructure", "Infrastructure\Onion.Infrastructure\Onion.Infrastructure.csproj", "{1ABDA6B5-3CFC-4E32-9D79-3A5F28175121}"
EndProject
Project("{FAE04EC0-301F-11D3-BF4B-00C04F79EFBC}") = "Onion.Persistence", "Infrastructure\Onion.Persistence\Onion.Persistence.csproj", "{47401FB0-8C13-4227-9FA5-5E8FEC835E33}"
EndProject
Project("{FAE04EC0-301F-11D3-BF4B-00C04F79EFBC}") = "Onion.API", "Presentation\Onion.API\Onion.API.csproj", "{EA9D6108-EAE4-411F-9DB8-63179994B7FA}"
EndProject
Global
	GlobalSection(SolutionConfigurationPlatforms) = preSolution
		Debug|Any CPU = Debug|Any CPU
		Release|Any CPU = Release|Any CPU
	EndGlobalSection
	GlobalSection(ProjectConfigurationPlatforms) = postSolution
		{3C771AAD-F758-426F-93F1-4AB4FB549C45}.Debug|Any CPU.ActiveCfg = Debug|Any CPU
		{3C771AAD-F758-426F-93F1-4AB4FB549C45}.Debug|Any CPU.Build.0 = Debug|Any CPU
		{3C771AAD-F758-426F-93F1-4AB4FB549C45}.Release|Any CPU.ActiveCfg = Release|Any CPU
		{3C771AAD-F758-426F-93F1-4AB4FB549C45}.Release|Any CPU.Build.0 = Release|Any CPU
		{0DBB3D38-BC97-4CE1-ABD1-320F7F09220D}.Debug|Any CPU.ActiveCfg = Debug|Any CPU
		{0DBB3D38-BC97-4CE1-ABD1-320F7F09220D}.Debug|Any CPU.Build.0 = Debug|Any CPU
		{0DBB3D38-BC97-4CE1-ABD1-320F7F09220D}.Release|Any CPU.ActiveCfg = Release|Any CPU
		{0DBB3D38-BC97-4CE1-ABD1-320F7F09220D}.Release|Any CPU.Build.0 = Release|Any CPU
		{1ABDA6B5-3CFC-4E32-9D79-3A5F28175121}.Debug|Any CPU.ActiveCfg = Debug|Any CPU
		{1ABDA6B5-3CFC-4E32-9D79-3A5F28175121}.Debug|Any CPU.Build.0 = Debug|Any CPU
		{1ABDA6B5-3CFC-4E32-9D79-3A5F28175121}.Release|Any CPU.ActiveCfg = Release|Any CPU
		{1ABDA6B5-3CFC-4E32-9D79-3A5F28175121}.Release|Any CPU.Build.0 = Release|Any CPU
		{47401FB0-8C13-4227-9FA5-5E8FEC835E33}.Debug|Any CPU.ActiveCfg = Debug|Any CPU
		{47401FB0-8C13-4227-9FA5-5E8FEC835E33}.Debug|Any CPU.Build.0 = Debug|Any CPU
		{47401FB0-8C13-4227-9FA5-5E8FEC835E33}.Release|Any CPU.ActiveCfg = Release|Any CPU
		{47401FB0-8C13-4227-9FA5-5E8FEC835E33}.Release|Any CPU.Build.0 = Release|Any CPU
		{EA9D6108-EAE4-411F-9DB8-63179994B7FA}.Debug|Any CPU.ActiveCfg = Debug|Any CPU
		{EA9D6108-EAE4-411F-9DB8-63179994B7FA}.Debug|Any CPU.Build.0 = Debug|Any CPU
		{EA9D6108-EAE4-411F-9DB8-63179994B7FA}.Release|Any CPU.ActiveCfg = Release|Any CPU
		{EA9D6108-EAE4-411F-9DB8-63179994B7FA}.Release|Any CPU.Build.0 = Release|Any CPU
	EndGlobalSection
	GlobalSection(SolutionProperties) = preSolution
		HideSolutionNode = FALSE
	EndGlobalSection
	GlobalSection(NestedProjects) = preSolution
		{3C771AAD-F758-426F-93F1-4AB4FB549C45} = {DB425D8A-E907-4B6D-9C60-8E77070EC2E1}
		{0DBB3D38-BC97-4CE1-ABD1-320F7F09220D} = {DB425D8A-E907-4B6D-9C60-8E77070EC2E1}
		{1ABDA6B5-3CFC-4E32-9D79-3A5F28175121} = {C79E6BE1-2561-45C9-955A-00879E0DF9EB}
		{47401FB0-8C13-4227-9FA5-5E8FEC835E33} = {C79E6BE1-2561-45C9-955A-00879E0DF9EB}
		{EA9D6108-EAE4-411F-9DB8-63179994B7FA} = {A062C1AD-5F72-4809-902F-1C8B1AF32D80}
	EndGlobalSection
	GlobalSection(ExtensibilityGlobals) = postSolution
		SolutionGuid = {0B06481B-9757-4FB9-BD6A-77347F388A46}
	EndGlobalSection
EndGlobal
